version = 1
revision = 5
requires-python = ">=3.14"

[[package]]
name = "asgiref"
version = "3.12.1"
source = { registry = "https://pypi.org/simple" }
sdist = { url = "https://files.pythonhosted.org/packages/e6/26/3b59f2bdae5f640389becb1f673cded775287f5fc4f816309d9ca9a3f93d/asgiref-3.12.1.tar.gz", hash = "sha256:59dcb51c272ad209d59bed5708a64a333083e86017d7fcdd67498eeab7784340", size = 42378, upload-time = "2026-07-14T09:56:18.087Z" }
wheels = [
    { url = "https://files.pythonhosted.org/packages/c0/1b/54f4ad77cd8a584fa70746c47df988e002cf1ee1eba43364d46f87803647/asgiref-3.12.1-py3-none-any.whl", hash = "sha256:fe386d1c2bff7259ea95929266d12a8cf9a8b5a1c2598402967d8792e7a7c094", size = 25478, upload-time = "2026-07-14T09:56:16.926Z" },
]

[[package]]
name = "django"
version = "6.1.2"
source = { registry = "https://pypi.org/simple" }
dependencies = [
    { name = "asgiref" },
    { name = "sqlparse" },
    { name = "tzdata", marker = "sys_platform == 'win32'" },
]
sdist = { url = "https://files.pythonhosted.org/packages/89/24/20d187a22ac821288b53c53b8f696019dcb0c7b4f973f052ade19392c74d/django-6.1.2.tar.gz", hash = "sha256:a1e92451ccb8b514e91bbb3b6d186d20b4030558f116b5d9de6535455ff210b7", size = 11251425, upload-time = "2026-10-06T12:53:29.622Z" }
wheels = [
    { url = "https://files.pythonhosted.org/packages/c9/83/90ff2dbfac7b519ed77620bdbb827cd2d1a83faf00d076bf95056428bce7/django-6.1.2-py3-none-any.whl", hash = "sha256:141efee6ec64d1db6db90683bf734c550102450f444fb099063b0be1bd27d991", size = 8420684, upload-time = "2026-10-06T12:53:17.381Z" },
]

[[package]]
name = "djangorestframework"
version = "3.18.3"
source = { registry = "https://pypi.org/simple" }
dependencies = [
    { name = "django" },
]
sdist = { url = "https://files.pythonhosted.org/packages/8d/b2/1cee76b188301f7d03169ca77fab2b3d3ec5d01b3469189f944af2d7f11a/djangorestframework-3.18.3.tar.gz", hash = "sha256:446a9b352e7eff630421ab3f2328bd2401b109a9470afa4a31189994911ed030", size = 923563, upload-time = "2026-10-06T21:33:51.521Z" }
wheels = [
    { url = "https://files.pythonhosted.org/packages/c4/dd/de5f4543765bec94e036a5e9593a42f8fa7efec8de78eb56b9ca834385f3/djangorestframework-3.18.3-py3-none-any.whl", hash = "sha256:8544bb674846731b1e3c9b309236ee1dc412905a0aa725be2ec193ca950a7d12", size = 903986, upload-time = "2026-10-06T21:33:49.917Z" },
]

[[package]]
name = "djangorestframework-simplejwt"
version = "5.5.1"
source = { registry = "https://pypi.org/simple" }
dependencies = [
    { name = "django" },
    { name = "djangorestframework" },
    { name = "pyjwt" },
]
sdist = { url = "https://files.pythonhosted.org/packages/a8/27/2874a325c11112066139769f7794afae238a07ce6adf96259f08fd37a9d7/djangorestframework_simplejwt-5.5.1.tar.gz", hash = "sha256:e72c5572f51d7803021288e2057afcbd03f17fe11d484096f40a460abc76e87f", size = 101265, upload-time = "2025-07-21T16:52:25.026Z" }
wheels = [
    { url = "https://files.pythonhosted.org/packages/60/94/fdfb7b2f0b16cd3ed4d4171c55c1c07a2d1e3b106c5978c8ad0c15b4a48b/djangorestframework_simplejwt-5.5.1-py3-none-any.whl", hash = "sha256:2c30f3707053d384e9f315d11c2daccfcb548d4faa453111ca19a542b732e469", size = 107674, upload-time = "2025-07-21T16:52:07.493Z" },
]

[[package]]
name = "hotelmanagement"
version = "0.1.0"
source = { editable = "." }
dependencies = [
    { name = "django" },
    { name = "djangorestframework" },
    { name = "djangorestframework-simplejwt" },
]

[package.metadata]
requires-dist = [
    { name = "django", specifier = ">=6.1.2" },
    { name = "djangorestframework", specifier = ">=3.18.3" },
    { name = "djangorestframework-simplejwt", specifier = ">=5.5.1" },
]

[[package]]
name = "pyjwt"
version = "2.15.1"
source = { registry = "https://pypi.org/simple" }
sdist = { url = "https://files.pythonhosted.org/packages/43/ea/5194e52748b0da83d71e082d75496eaec6e58f419f5e184786ded517e6a9/pyjwt-2.15.1.tar.gz", hash = "sha256:4f259e80cdfb6b3fc18a7de51fd1ef9ec79652f25019bae68975ca2468a34df8", size = 121252, upload-time = "2026-09-28T18:40:42.598Z" }
wheels = [
    { url = "https://files.pythonhosted.org/packages/50/ca/44de4e75f8aadc457f0634be3b542815078ded46dca30efb960edeecad6e/pyjwt-2.15.1-py3-none-any.whl", hash = "sha256:42d59d631f7768a1028a64c7ff581a9bf7519804daf91fc5b6c56e30eec5e193", size = 33860, upload-time = "2026-09-28T18:40:41.429Z" },
]

[[package]]
name = "sqlparse"
version = "0.6.0"
source = { registry = "https://pypi.org/simple" }
sdist = { url = "https://files.pythonhosted.org/packages/5f/d3/3f06a1006f2261d1342aefb3c71eed02f5d4ca5bdbecd86ebc12ad38306e/sqlparse-0.6.0.tar.gz", hash = "sha256:113c35c75365ab9cc9c7231d68c6428fb11c085fc8e9eb1ad659b7ddbf6cd2b9", size = 178477, upload-time = "2026-08-13T19:16:06.396Z" }
wheels = [
    { url = "https://files.pythonhosted.org/packages/d9/50/f00935da0ec7cbf325f8dc4f772ae46fbc7b672dd62876e73f0a94adda57/sqlparse-0.6.0-py3-none-any.whl", hash = "sha256:b861c0288ce2fa56209a9a6412d2e066ac664b3873b89c26c9d8415e8e32996f", size = 50070, upload-time = "2026-08-13T19:16:04.062Z" },
]

[[package]]
name = "tzdata"
version = "2026.5"
source = { registry = "https://pypi.org/simple" }
sdist = { url = "https://files.pythonhosted.org/packages/d9/68/f1b440335057bfce71b6e50a9d09445aa2ecbd08359a337976627b8409e7/tzdata-2026.5.tar.gz", hash = "sha256:8cc73c0a0bfca7dbfa59235d60b2eff82231dee33f53d206db1acd9173cfc0a7", size = 200404, upload-time = "2026-10-03T09:23:14.143Z" }
wheels = [
    { url = "https://files.pythonhosted.org/packages/94/21/1e5995a1c920cce14e4bffae20c665ec10e7ed03ab25e006cd741092b718/tzdata-2026.5-py2.py3-none-any.whl", hash = "sha256:b683bd1b6659ddcd810ff02ad09ba821d4bf1065072805063eb35c49617905ac", size = 347996, upload-time = "2026-10-03T09:23:12.535Z" },
]
